// !$*UTF8*$!
{
	archiveVersion = 1;
	classes = {
	};
	objectVersion = 55;
	objects = {

/* Begin PBXBuildFile section */
		DB7450D7284CF050002D45A7 /* AppDelegate.swift in Sources */ = {isa = PBXBuildFile; fileRef = DB7450D6284CF050002D45A7 /* AppDelegate.swift */; };
		DB7450D9284CF050002D45A7 /* SceneDelegate.swift in Sources */ = {isa = PBXBuildFile; fileRef = DB7450D8284CF050002D45A7 /* SceneDelegate.swift */; };
		DB7450DB284CF050002D45A7 /* ViewController.swift in Sources */ = {isa = PBXBuildFile; fileRef = DB7450DA284CF050002D45A7 /* ViewController.swift */; };
		DB7450DE284CF050002D45A7 /* Main.storyboard in Resources */ = {isa = PBXBuildFile; fileRef = DB7450DC284CF050002D45A7 /* Main.storyboard */; };
		DB7450E0284CF053002D45A7 /* Assets.xcassets in Resources */ = {isa = PBXBuildFile; fileRef = DB7450DF284CF053002D45A7 /* Assets.xcassets */; };
		DB7450E3284CF053002D45A7 /* LaunchScreen.storyboard in Resources */ = {isa = PBXBuildFile; fileRef = DB7450E1284CF053002D45A7 /* LaunchScreen.storyboard */; };
		DB7450F0284CF18F002D45A7 /* Question.swift in Sources */ = {isa = PBXBuildFile; fileRef = DB7450EF284CF18F002D45A7 /* Question.swift */; };
/* End PBXBuildFile section */

/* Begin PBXFileReference section */
		DB7450D3284CF050002D45A7 /* PersonalityQuizEng.app */ = {isa = PBXFileReference; explicitFileType = wrapper.application; includeInIndex = 0; path = PersonalityQuizEng.app; sourceTree = BUILT_PRODUCTS_DIR; };
		DB7450D6284CF050002D45A7 /* AppDelegate.swift */ = {isa = PBXFileReference; lastKnownFileType = sourcecode.swift; path = AppDelegate.swift; sourceTree = "<group>"; };
		DB7450D8284CF050002D45A7 /* SceneDelegate.swift */ = {isa = PBXFileReference; lastKnownFileType = sourcecode.swift; path = SceneDelegate.swift; sourceTree = "<group>"; };
		DB7450DA284CF050002D45A7 /* ViewController.swift */ = {isa = PBXFileReference; lastKnownFileType = sourcecode.swift; path = ViewController.swift; sourceTree = "<group>"; };
		DB7450DD284CF050002D45A7 /* Base */ = {isa = PBXFileReference; lastKnownFileType = file.storyboard; name = Base; path = Base.lproj/Main.storyboard; sourceTree = "<group>"; };
		DB7450DF284CF053002D45A7 /* Assets.xcassets */ = {isa = PBXFileReference; lastKnownFileType = folder.assetcatalog; path = Assets.xcassets; sourceTree = "<group>"; };
		DB7450E2284CF053002D45A7 /* Base */ = {isa = PBXFileReference; lastKnownFileType = file.storyboard; name = Base; path = Base.lproj/LaunchScreen.storyboard; sourceTree = "<group>"; };
		DB7450E4284CF053002D45A7 /* Info.plist */ = {isa = PBXFileReference; lastKnownFileType = text.plist.xml; path = Info.plist; sourceTree = "<group>"; };
		DB7450EF284CF18F002D45A7 /* Question.swift */ = {isa = PBXFileReference; lastKnownFileType = sourcecode.swift; path = Question.swift; sourceTree = "<group>"; };
/* End PBXFileReference section */

/* Begin PBXFrameworksBuildPhase section */
		DB7450D0284CF050002D45A7 /* Frameworks */ = {
			isa = PBXFrameworksBuildPhase;
			buildActionMask = 2147483647;
			files = (
			);
			runOnlyForDeploymentPostprocessing = 0;
		};
/* End PBXFrameworksBuildPhase section */

/* Begin PBXGroup section */
		DB7450CA284CF050002D45A7 = {
			isa = PBXGroup;
			children = (
				DB7450D5284CF050002D45A7 /* PersonalityQuizEng */,
				DB7450D4284CF050002D45A7 /* Products */,
			);
			sourceTree = "<group>";
		};
		DB7450D4284CF050002D45A7 /* Products */ = {
			isa = PBXGroup;
			children = (
				DB7450D3284CF050002D45A7 /* PersonalityQuizEng.app */,
			);
			name = Products;
			sourceTree = "<group>";
		};
		DB7450D5284CF050002D45A7 /* PersonalityQuizEng */ = {
			isa = PBXGroup;
			children = (
				DB7450EC284CF126002D45A7 /* ViewControllers */,
				DB7450EA284CF0D2002D45A7 /* Storyboards */,
				DB7450EE284CF148002D45A7 /* Models */,
				DB7450ED284CF131002D45A7 /* Resources */,
				DB7450EB284CF108002D45A7 /* App */,
			);
			path = PersonalityQuizEng;
			sourceTree = "<group>";
		};
		DB7450EA284CF0D2002D45A7 /* Storyboards */ = {
			isa = PBXGroup;
			children = (
				DB7450DC284CF050002D45A7 /* Main.storyboard */,
				DB7450E1284CF053002D45A7 /* LaunchScreen.storyboard */,
			);
			path = Storyboards;
			sourceTree = "<group>";
		};
		DB7450EB284CF108002D45A7 /* App */ = {
			isa = PBXGroup;
			children = (
				DB7450D6284CF050002D45A7 /* AppDelegate.swift */,
				DB7450D8284CF050002D45A7 /* SceneDelegate.swift */,
				DB7450E4284CF053002D45A7 /* Info.plist */,
			);
			path = App;
			sourceTree = "<group>";
		};
		DB7450EC284CF126002D45A7 /* ViewControllers */ = {
			isa = PBXGroup;
			children = (
				DB7450DA284CF050002D45A7 /* ViewController.swift */,
			);
			path = ViewControllers;
			sourceTree = "<group>";
		};
		DB7450ED284CF131002D45A7 /* Resources */ = {
			isa = PBXGroup;
			children = (
				DB7450DF284CF053002D45A7 /* Assets.xcassets */,
			);
			path = Resources;
			sourceTree = "<group>";
		};
		DB7450EE284CF148002D45A7 /* Models */ = {
			isa = PBXGroup;
			children = (
				DB7450EF284CF18F002D45A7 /* Question.swift */,
			);
			path = Models;
			sourceTree = "<group>";
		};
/* End PBXGroup section */

/* Begin PBXNativeTarget section */
		DB7450D2284CF050002D45A7 /* PersonalityQuizEng */ = {
			isa = PBXNativeTarget;
			buildConfigurationList = DB7450E7284CF053002D45A7 /* Build configuration list for PBXNativeTarget "PersonalityQuizEng" */;
			buildPhases = (
				DB7450CF284CF050002D45A7 /* Sources */,
				DB7450D0284CF050002D45A7 /* Frameworks */,
				DB7450D1284CF050002D45A7 /* Resources */,
			);
			buildRules = (
			);
			dependencies = (
			);
			name = PersonalityQuizEng;
			productName = PersonalityQuizEng;
			productReference = DB7450D3284CF050002D45A7 /* PersonalityQuizEng.app */;
			productType = "com.apple.product-type.application";
		};
/* End PBXNativeTarget section */

/* Begin PBXProject section */
		DB7450CB284CF050002D45A7 /* Project object */ = {
			isa = PBXProject;
			attributes = {
				BuildIndependentTargetsInParallel = 1;
				LastSwiftUpdateCheck = 1340;
				LastUpgradeCheck = 1340;
				TargetAttributes = {
					DB7450D2284CF050002D45A7 = {
						CreatedOnToolsVersion = 13.4;
					};
				};
			};
			buildConfigurationList = DB7450CE284CF050002D45A7 /* Build configuration list for PBXProject "PersonalityQuizEng" */;
			compatibilityVersion = "Xcode 13.0";
			developmentRegion = en;
			hasScannedForEncodings = 0;
			knownRegions = (
				en,
				Base,
			);
			mainGroup = DB7450CA284CF050002D45A7;
			productRefGroup = DB7450D4284CF050002D45A7 /* Products */;
			projectDirPath = "";
			projectRoot = "";
			targets = (
				DB7450D2284CF050002D45A7 /* PersonalityQuizEng */,
			);
		};
/* End PBXProject section */

/* Begin PBXResourcesBuildPhase section */
		DB7450D1284CF050002D45A7 /* Resources */ = {
			isa = PBXResourcesBuildPhase;
			buildActionMask = 2147483647;
			files = (
				DB7450E3284CF053002D45A7 /* LaunchScreen.storyboard in Resources */,
				DB7450E0284CF053002D45A7 /* Assets.xcassets in Resources */,
				DB7450DE284CF050002D45A7 /* Main.storyboard in Resources */,
			);
			runOnlyForDeploymentPostprocessing = 0;
		};
/* End PBXResourcesBuildPhase section */

/* Begin PBXSourcesBuildPhase section */
		DB7450CF284CF050002D45A7 /* Sources */ = {
			isa = PBXSourcesBuildPhase;
			buildActionMask = 2147483647;
			files = (
				DB7450DB284CF050002D45A7 /* ViewController.swift in Sources */,
				DB7450F0284CF18F002D45A7 /* Question.swift in Sources */,
				DB7450D7284CF050002D45A7 /* AppDelegate.swift in Sources */,
				DB7450D9284CF050002D45A7 /* SceneDelegate.swift in Sources */,
			);
			runOnlyForDeploymentPostprocessing = 0;
		};
/* End PBXSourcesBuildPhase section */

/* Begin PBXVariantGroup section */
		DB7450DC284CF050002D45A7 /* Main.storyboard */ = {
			isa = PBXVariantGroup;
			children = (
				DB7450DD284CF050002D45A7 /* Base */,
			);
			name = Main.storyboard;
			sourceTree = "<group>";
		};
		DB7450E1284CF053002D45A7 /* LaunchScreen.storyboard */ = {
			isa = PBXVariantGroup;
			children = (
				DB7450E2284CF053002D45A7 /* Base */,
			);
			name = LaunchScreen.storyboard;
			sourceTree = "<group>";
		};
/* End PBXVariantGroup section */

/* Begin XCBuildConfiguration section */
		DB7450E5284CF053002D45A7 /* Debug */ = {
			isa = XCBuildConfiguration;
			buildSettings = {
				ALWAYS_SEARCH_USER_PATHS = NO;
				CLANG_ANALYZER_NONNULL = YES;
				CLANG_ANALYZER_NUMBER_OBJECT_CONVERSION = YES_AGGRESSIVE;
				CLANG_CXX_LANGUAGE_STANDARD = "gnu++17";
				CLANG_ENABLE_MODULES = YES;
				CLANG_ENABLE_OBJC_ARC = YES;
				CLANG_ENABLE_OBJC_WEAK = YES;
				CLANG_WARN_BLOCK_CAPTURE_AUTORELEASING = YES;
				CLANG_WARN_BOOL_CONVERSION = YES;
				CLANG_WARN_COMMA = YES;
				CLANG_WARN_CONSTANT_CONVERSION = YES;
				CLANG_WARN_DEPRECATED_OBJC_IMPLEMENTATIONS = YES;
				CLANG_WARN_DIRECT_OBJC_ISA_USAGE = YES_ERROR;
				CLANG_WARN_DOCUMENTATION_COMMENTS = YES;
				CLANG_WARN_EMPTY_BODY = YES;
				CLANG_WARN_ENUM_CONVERSION = YES;
				CLANG_WARN_INFINITE_RECURSION = YES;
				CLANG_WARN_INT_CONVERSION = YES;
				CLANG_WARN_NON_LITERAL_NULL_CONVERSION = YES;
				CLANG_WARN_OBJC_IMPLICIT_RETAIN_SELF = YES;
				CLANG_WARN_OBJC_LITERAL_CONVERSION = YES;
				CLANG_WARN_OBJC_ROOT_CLASS = YES_ERROR;
				CLANG_WARN_QUOTED_INCLUDE_IN_FRAMEWORK_HEADER = YES;
				CLANG_WARN_RANGE_LOOP_ANALYSIS = YES;
				CLANG_WARN_STRICT_PROTOTYPES = YES;
				CLANG_WARN_SUSPICIOUS_MOVE = YES;
				CLANG_WARN_UNGUARDED_AVAILABILITY = YES_AGGRESSIVE;
				CLANG_WARN_UNREACHABLE_CODE = YES;
				CLANG_WARN__DUPLICATE_METHOD_MATCH = YES;
				COPY_PHASE_STRIP = NO;
				DEBUG_INFORMATION_FORMAT = dwarf;
				ENABLE_STRICT_OBJC_MSGSEND = YES;
				ENABLE_TESTABILITY = YES;
				GCC_C_LANGUAGE_STANDARD = gnu11;
				GCC_DYNAMIC_NO_PIC = NO;
				GCC_NO_COMMON_BLOCKS = YES;
				GCC_OPTIMIZATION_LEVEL = 0;
				GCC_PREPROCESSOR_DEFINITIONS = (
					"DEBUG=1",
					"$(inherited)",
				);
				GCC_WARN_64_TO_32_BIT_CONVERSION = YES;
				GCC_WARN_ABOUT_RETURN_TYPE = YES_ERROR;
				GCC_WARN_UNDECLARED_SELECTOR = YES;
				GCC_WARN_UNINITIALIZED_AUTOS = YES_AGGRESSIVE;
				GCC_WARN_UNUSED_FUNCTION = YES;
				GCC_WARN_UNUSED_VARIABLE = YES;
				IPHONEOS_DEPLOYMENT_TARGET = 15.5;
				MTL_ENABLE_DEBUG_INFO = INCLUDE_SOURCE;
				MTL_FAST_MATH = YES;
				ONLY_ACTIVE_ARCH = YES;
				SDKROOT = iphoneos;
				SWIFT_ACTIVE_COMPILATION_CONDITIONS = DEBUG;
				SWIFT_OPTIMIZATION_LEVEL = "-Onone";
			};
			name = Debug;
		};
		DB7450E6284CF053002D45A7 /* Release */ = {
			isa = XCBuildConfiguration;
			buildSettings = {
				ALWAYS_SEARCH_USER_PATHS = NO;
				CLANG_ANALYZER_NONNULL = YES;
				CLANG_ANALYZER_NUMBER_OBJECT_CONVERSION = YES_AGGRESSIVE;
				CLANG_CXX_LANGUAGE_STANDARD = "gnu++17";
				CLANG_ENABLE_MODULES = YES;
				CLANG_ENABLE_OBJC_ARC = YES;
				CLANG_ENABLE_OBJC_WEAK = YES;
				CLANG_WARN_BLOCK_CAPTURE_AUTORELEASING = YES;
				CLANG_WARN_BOOL_CONVERSION = YES;
				CLANG_WARN_COMMA = YES;
				CLANG_WARN_CONSTANT_CONVERSION = YES;
				CLANG_WARN_DEPRECATED_OBJC_IMPLEMENTATIONS = YES;
				CLANG_WARN_DIRECT_OBJC_ISA_USAGE = YES_ERROR;
				CLANG_WARN_DOCUMENTATION_COMMENTS = YES;
				CLANG_WARN_EMPTY_BODY = YES;
				CLANG_WARN_ENUM_CONVERSION = YES;
				CLANG_WARN_INFINITE_RECURSION = YES;
				CLANG_WARN_INT_CONVERSION = YES;
				CLANG_WARN_NON_LITERAL_NULL_CONVERSION = YES;
				CLANG_WARN_OBJC_IMPLICIT_RETAIN_SELF = YES;
				CLANG_WARN_OBJC_LITERAL_CONVERSION = YES;
				CLANG_WARN_OBJC_ROOT_CLASS = YES_ERROR;
				CLANG_WARN_QUOTED_INCLUDE_IN_FRAMEWORK_HEADER = YES;
				CLANG_WARN_RANGE_LOOP_ANALYSIS = YES;
				CLANG_WARN_STRICT_PROTOTYPES = YES;
				CLANG_WARN_SUSPICIOUS_MOVE = YES;
				CLANG_WARN_UNGUARDED_AVAILABILITY = YES_AGGRESSIVE;
				CLANG_WARN_UNREACHABLE_CODE = YES;
				CLANG_WARN__DUPLICATE_METHOD_MATCH = YES;
				COPY_PHASE_STRIP = NO;
				DEBUG_INFORMATION_FORMAT = "dwarf-with-dsym";
				ENABLE_NS_ASSERTIONS = NO;
				ENABLE_STRICT_OBJC_MSGSEND = YES;
				GCC_C_LANGUAGE_STANDARD = gnu11;
				GCC_NO_COMMON_BLOCKS = YES;
				GCC_WARN_64_TO_32_BIT_CONVERSION = YES;
				GCC_WARN_ABOUT_RETURN_TYPE = YES_ERROR;
				GCC_WARN_UNDECLARED_SELECTOR = YES;
				GCC_WARN_UNINITIALIZED_AUTOS = YES_AGGRESSIVE;
				GCC_WARN_UNUSED_FUNCTION = YES;
				GCC_WARN_UNUSED_VARIABLE = YES;
				IPHONEOS_DEPLOYMENT_TARGET = 15.5;
				MTL_ENABLE_DEBUG_INFO = NO;
				MTL_FAST_MATH = YES;
				SDKROOT = iphoneos;
				SWIFT_COMPILATION_MODE = wholemodule;
				SWIFT_OPTIMIZATION_LEVEL = "-O";
				VALIDATE_PRODUCT = YES;
			};
			name = Release;
		};
		DB7450E8284CF053002D45A7 /* Debug */ = {
			isa = XCBuildConfiguration;
			buildSettings = {
				ASSETCATALOG_COMPILER_APPICON_NAME = AppIcon;
				ASSETCATALOG_COMPILER_GLOBAL_ACCENT_COLOR_NAME = AccentColor;
				CODE_SIGN_STYLE = Automatic;
				CURRENT_PROJECT_VERSION = 1;
				DEVELOPMENT_TEAM = N537R39CDZ;
				GENERATE_INFOPLIST_FILE = YES;
				INFOPLIST_FILE = PersonalityQuizEng/App/Info.plist;
				INFOPLIST_KEY_UIApplicationSupportsIndirectInputEvents = YES;
				INFOPLIST_KEY_UILaunchStoryboardName = LaunchScreen;
				INFOPLIST_KEY_UIMainStoryboardFile = Main;
				INFOPLIST_KEY_UISupportedInterfaceOrientations_iPad = "UIInterfaceOrientationPortrait UIInterfaceOrientationPortraitUpsideDown UIInterfaceOrientationLandscapeLeft UIInterfaceOrientationLandscapeRight";
				INFOPLIST_KEY_UISupportedInterfaceOrientations_iPhone = "UIInterfaceOrientationPortrait UIInterfaceOrientationLandscapeLeft UIInterfaceOrientationLandscapeRight";
				LD_RUNPATH_SEARCH_PATHS = (
					"$(inherited)",
					"@executable_path/Frameworks",
				);
				MARKETING_VERSION = 1.0;
				PRODUCT_BUNDLE_IDENTIFIER = PavlovaElena.PersonalityQuizEng;
				PRODUCT_NAME = "$(TARGET_NAME)";
				SWIFT_EMIT_LOC_STRINGS = YES;
				SWIFT_VERSION = 5.0;
				TARGETED_DEVICE_FAMILY = "1,2";
			};
			name = Debug;
		};
		DB7450E9284CF053002D45A7 /* Release */ = {
			isa = XCBuildConfiguration;
			buildSettings = {
				ASSETCATALOG_COMPILER_APPICON_NAME = AppIcon;
				ASSETCATALOG_COMPILER_GLOBAL_ACCENT_COLOR_NAME = AccentColor;
				CODE_SIGN_STYLE = Automatic;
				CURRENT_PROJECT_VERSION = 1;
				DEVELOPMENT_TEAM = N537R39CDZ;
				GENERATE_INFOPLIST_FILE = YES;
				INFOPLIST_FILE = PersonalityQuizEng/App/Info.plist;
				INFOPLIST_KEY_UIApplicationSupportsIndirectInputEvents = YES;
				INFOPLIST_KEY_UILaunchStoryboardName = LaunchScreen;
				INFOPLIST_KEY_UIMainStoryboardFile = Main;
				INFOPLIST_KEY_UISupportedInterfaceOrientations_iPad = "UIInterfaceOrientationPortrait UIInterfaceOrientationPortraitUpsideDown UIInterfaceOrientationLandscapeLeft UIInterfaceOrientationLandscapeRight";
				INFOPLIST_KEY_UISupportedInterfaceOrientations_iPhone = "UIInterfaceOrientationPortrait UIInterfaceOrientationLandscapeLeft UIInterfaceOrientationLandscapeRight";
				LD_RUNPATH_SEARCH_PATHS = (
					"$(inherited)",
					"@executable_path/Frameworks",
				);
				MARKETING_VERSION = 1.0;
				PRODUCT_BUNDLE_IDENTIFIER = PavlovaElena.PersonalityQuizEng;
				PRODUCT_NAME = "$(TARGET_NAME)";
				SWIFT_EMIT_LOC_STRINGS = YES;
				SWIFT_VERSION = 5.0;
				TARGETED_DEVICE_FAMILY = "1,2";
			};
			name = Release;
		};
/* End XCBuildConfiguration section */

/* Begin XCConfigurationList section */
		DB7450CE284CF050002D45A7 /* Build configuration list for PBXProject "PersonalityQuizEng" */ = {
			isa = XCConfigurationList;
			buildConfigurations = (
				DB7450E5284CF053002D45A7 /* Debug */,
				DB7450E6284CF053002D45A7 /* Release */,
			);
			defaultConfigurationIsVisible = 0;
			defaultConfigurationName = Release;
		};
		DB7450E7284CF053002D45A7 /* Build configuration list for PBXNativeTarget "PersonalityQuizEng" */ = {
			isa = XCConfigurationList;
			buildConfigurations = (
				DB7450E8284CF053002D45A7 /* Debug */,
				DB7450E9284CF053002D45A7 /* Release */,
			);
			defaultConfigurationIsVisible = 0;
			defaultConfigurationName = Release;
		};
/* End XCConfigurationList section */
	};
	rootObject = DB7450CB284CF050002D45A7 /* Project object */;
}
